// !$*UTF8*$!
{
	archiveVersion = 1;
	classes = {
	};
	objectVersion = 46;
	objects = {

/* Begin PBXBuildFile section */
		93AA211A1A048C500040257B /* main.m in Sources */ = {isa = PBXBuildFile; fileRef = 93AA21191A048C500040257B /* main.m */; };
		93AA211D1A048C500040257B /* AppDelegate.m in Sources */ = {isa = PBXBuildFile; fileRef = 93AA211C1A048C500040257B /* AppDelegate.m */; };
		93AA21231A048C500040257B /* Main.storyboard in Resources */ = {isa = PBXBuildFile; fileRef = 93AA21211A048C500040257B /* Main.storyboard */; };
		93AA21251A048C500040257B /* Images.xcassets in Resources */ = {isa = PBXBuildFile; fileRef = 93AA21241A048C500040257B /* Images.xcassets */; };
		93AA21281A048C500040257B /* LaunchScreen.xib in Resources */ = {isa = PBXBuildFile; fileRef = 93AA21261A048C500040257B /* LaunchScreen.xib */; };
		93AA21341A048C500040257B /* UITableViewController_Challenge_SolutionTests.m in Sources */ = {isa = PBXBuildFile; fileRef = 93AA21331A048C500040257B /* UITableViewController_Challenge_SolutionTests.m */; };
		93AA213F1A048C710040257B /* TableViewController.m in Sources */ = {isa = PBXBuildFile; fileRef = 93AA213E1A048C710040257B /* TableViewController.m */; };
/* End PBXBuildFile section */

/* Begin PBXContainerItemProxy section */
		93AA212E1A048C500040257B /* PBXContainerItemProxy */ = {
			isa = PBXContainerItemProxy;
			containerPortal = 93AA210C1A048C500040257B /* Project object */;
			proxyType = 1;
			remoteGlobalIDString = 93AA21131A048C500040257B;
			remoteInfo = "UITableViewController Challenge Solution";
		};
/* End PBXContainerItemProxy section */

/* Begin PBXFileReference section */
		93AA21141A048C500040257B /* UITableViewController Challenge Solution.app */ = {isa = PBXFileReference; explicitFileType = wrapper.application; includeInIndex = 0; path = "UITableViewController Challenge Solution.app"; sourceTree = BUILT_PRODUCTS_DIR; };
		93AA21181A048C500040257B /* Info.plist */ = {isa = PBXFileReference; lastKnownFileType = text.plist.xml; path = Info.plist; sourceTree = "<group>"; };
		93AA21191A048C500040257B /* main.m */ = {isa = PBXFileReference; lastKnownFileType = sourcecode.c.objc; path = main.m; sourceTree = "<group>"; };
		93AA211B1A048C500040257B /* AppDelegate.h */ = {isa = PBXFileReference; lastKnownFileType = sourcecode.c.h; path = AppDelegate.h; sourceTree = "<group>"; };
		93AA211C1A048C500040257B /* AppDelegate.m */ = {isa = PBXFileReference; lastKnownFileType = sourcecode.c.objc; path = AppDelegate.m; sourceTree = "<group>"; };
		93AA21221A048C500040257B /* Base */ = {isa = PBXFileReference; lastKnownFileType = file.storyboard; name = Base; path = Base.lproj/Main.storyboard; sourceTree = "<group>"; };
		93AA21241A048C500040257B /* Images.xcassets */ = {isa = PBXFileReference; lastKnownFileType = folder.assetcatalog; path = Images.xcassets; sourceTree = "<group>"; };
		93AA21271A048C500040257B /* Base */ = {isa = PBXFileReference; lastKnownFileType = file.xib; name = Base; path = Base.lproj/LaunchScreen.xib; sourceTree = "<group>"; };
		93AA212D1A048C500040257B /* UITableViewController Challenge SolutionTests.xctest */ = {isa = PBXFileReference; explicitFileType = wrapper.cfbundle; includeInIndex = 0; path = "UITableViewController Challenge SolutionTests.xctest"; sourceTree = BUILT_PRODUCTS_DIR; };
		93AA21321A048C500040257B /* Info.plist */ = {isa = PBXFileReference; lastKnownFileType = text.plist.xml; path = Info.plist; sourceTree = "<group>"; };
		93AA21331A048C500040257B /* UITableViewController_Challenge_SolutionTests.m */ = {isa = PBXFileReference; lastKnownFileType = sourcecode.c.objc; path = UITableViewController_Challenge_SolutionTests.m; sourceTree = "<group>"; };
		93AA213D1A048C710040257B /* TableViewController.h */ = {isa = PBXFileReference; fileEncoding = 4; lastKnownFileType = sourcecode.c.h; name = TableViewController.h; path = ../TableViewController.h; sourceTree = "<group>"; };
		93AA213E1A048C710040257B /* TableViewController.m */ = {isa = PBXFileReference; fileEncoding = 4; lastKnownFileType = sourcecode.c.objc; name = TableViewController.m; path = ../TableViewController.m; sourceTree = "<group>"; };
/* End PBXFileReference section */

/* Begin PBXFrameworksBuildPhase section */
		93AA21111A048C500040257B /* Frameworks */ = {
			isa = PBXFrameworksBuildPhase;
			buildActionMask = 2147483647;
			files = (
			);
			runOnlyForDeploymentPostprocessing = 0;
		};
		93AA212A1A048C500040257B /* Frameworks */ = {
			isa = PBXFrameworksBuildPhase;
			buildActionMask = 2147483647;
			files = (
			);
			runOnlyForDeploymentPostprocessing = 0;
		};
/* End PBXFrameworksBuildPhase section */

/* Begin PBXGroup section */
		93AA210B1A048C500040257B = {
			isa = PBXGroup;
			children = (
				93AA21161A048C500040257B /* UITableViewController Challenge Solution */,
				93AA21301A048C500040257B /* UITableViewController Challenge SolutionTests */,
				93AA21151A048C500040257B /* Products */,
			);
			sourceTree = "<group>";
		};
		93AA21151A048C500040257B /* Products */ = {
			isa = PBXGroup;
			children = (
				93AA21141A048C500040257B /* UITableViewController Challenge Solution.app */,
				93AA212D1A048C500040257B /* UITableViewController Challenge SolutionTests.xctest */,
			);
			name = Products;
			sourceTree = "<group>";
		};
		93AA21161A048C500040257B /* UITableViewController Challenge Solution */ = {
			isa = PBXGroup;
			children = (
				93AA211B1A048C500040257B /* AppDelegate.h */,
				93AA211C1A048C500040257B /* AppDelegate.m */,
				93AA213D1A048C710040257B /* TableViewController.h */,
				93AA213E1A048C710040257B /* TableViewController.m */,
				93AA21211A048C500040257B /* Main.storyboard */,
				93AA21241A048C500040257B /* Images.xcassets */,
				93AA21261A048C500040257B /* LaunchScreen.xib */,
				93AA21171A048C500040257B /* Supporting Files */,
			);
			path = "UITableViewController Challenge Solution";
			sourceTree = "<group>";
		};
		93AA21171A048C500040257B /* Supporting Files */ = {
			isa = PBXGroup;
			children = (
				93AA21181A048C500040257B /* Info.plist */,
				93AA21191A048C500040257B /* main.m */,
			);
			name = "Supporting Files";
			sourceTree = "<group>";
		};
		93AA21301A048C500040257B /* UITableViewController Challenge SolutionTests */ = {
			isa = PBXGroup;
			children = (
				93AA21331A048C500040257B /* UITableViewController_Challenge_SolutionTests.m */,
				93AA21311A048C500040257B /* Supporting Files */,
			);
			path = "UITableViewController Challenge SolutionTests";
			sourceTree = "<group>";
		};
		93AA21311A048C500040257B /* Supporting Files */ = {
			isa = PBXGroup;
			children = (
				93AA21321A048C500040257B /* Info.plist */,
			);
			name = "Supporting Files";
			sourceTree = "<group>";
		};
/* End PBXGroup section */

/* Begin PBXNativeTarget section */
		93AA21131A048C500040257B /* UITableViewController Challenge Solution */ = {
			isa = PBXNativeTarget;
			buildConfigurationList = 93AA21371A048C500040257B /* Build configuration list for PBXNativeTarget "UITableViewController Challenge Solution" */;
			buildPhases = (
				93AA21101A048C500040257B /* Sources */,
				93AA21111A048C500040257B /* Frameworks */,
				93AA21121A048C500040257B /* Resources */,
			);
			buildRules = (
			);
			dependencies = (
			);
			name = "UITableViewController Challenge Solution";
			productName = "UITableViewController Challenge Solution";
			productReference = 93AA21141A048C500040257B /* UITableViewController Challenge Solution.app */;
			productType = "com.apple.product-type.application";
		};
		93AA212C1A048C500040257B /* UITableViewController Challenge SolutionTests */ = {
			isa = PBXNativeTarget;
			buildConfigurationList = 93AA213A1A048C500040257B /* Build configuration list for PBXNativeTarget "UITableViewController Challenge SolutionTests" */;
			buildPhases = (
				93AA21291A048C500040257B /* Sources */,
				93AA212A1A048C500040257B /* Frameworks */,
				93AA212B1A048C500040257B /* Resources */,
			);
			buildRules = (
			);
			dependencies = (
				93AA212F1A048C500040257B /* PBXTargetDependency */,
			);
			name = "UITableViewController Challenge SolutionTests";
			productName = "UITableViewController Challenge SolutionTests";
			productReference = 93AA212D1A048C500040257B /* UITableViewController Challenge SolutionTests.xctest */;
			productType = "com.apple.product-type.bundle.unit-test";
		};
/* End PBXNativeTarget section */

/* Begin PBXProject section */
		93AA210C1A048C500040257B /* Project object */ = {
			isa = PBXProject;
			attributes = {
				LastUpgradeCheck = 0610;
				ORGANIZATIONNAME = "Tim Hobbs";
				TargetAttributes = {
					93AA21131A048C500040257B = {
						CreatedOnToolsVersion = 6.1;
					};
					93AA212C1A048C500040257B = {
						CreatedOnToolsVersion = 6.1;
						TestTargetID = 93AA21131A048C500040257B;
					};
				};
			};
			buildConfigurationList = 93AA210F1A048C500040257B /* Build configuration list for PBXProject "UITableViewController Challenge Solution" */;
			compatibilityVersion = "Xcode 3.2";
			developmentRegion = English;
			hasScannedForEncodings = 0;
			knownRegions = (
				en,
				Base,
			);
			mainGroup = 93AA210B1A048C500040257B;
			productRefGroup = 93AA21151A048C500040257B /* Products */;
			projectDirPath = "";
			projectRoot = "";
			targets = (
				93AA21131A048C500040257B /* UITableViewController Challenge Solution */,
				93AA212C1A048C500040257B /* UITableViewController Challenge SolutionTests */,
			);
		};
/* End PBXProject section */

/* Begin PBXResourcesBuildPhase section */
		93AA21121A048C500040257B /* Resources */ = {
			isa = PBXResourcesBuildPhase;
			buildActionMask = 2147483647;
			files = (
				93AA21231A048C500040257B /* Main.storyboard in Resources */,
				93AA21281A048C500040257B /* LaunchScreen.xib in Resources */,
				93AA21251A048C500040257B /* Images.xcassets in Resources */,
			);
			runOnlyForDeploymentPostprocessing = 0;
		};
		93AA212B1A048C500040257B /* Resources */ = {
			isa = PBXResourcesBuildPhase;
			buildActionMask = 2147483647;
			files = (
			);
			runOnlyForDeploymentPostprocessing = 0;
		};
/* End PBXResourcesBuildPhase section */

/* Begin PBXSourcesBuildPhase section */
		93AA21101A048C500040257B /* Sources */ = {
			isa = PBXSourcesBuildPhase;
			buildActionMask = 2147483647;
			files = (
				93AA211D1A048C500040257B /* AppDelegate.m in Sources */,
				93AA213F1A048C710040257B /* TableViewController.m in Sources */,
				93AA211A1A048C500040257B /* main.m in Sources */,
			);
			runOnlyForDeploymentPostprocessing = 0;
		};
		93AA21291A048C500040257B /* Sources */ = {
			isa = PBXSourcesBuildPhase;
			buildActionMask = 2147483647;
			files = (
				93AA21341A048C500040257B /* UITableViewController_Challenge_SolutionTests.m in Sources */,
			);
			runOnlyForDeploymentPostprocessing = 0;
		};
/* End PBXSourcesBuildPhase section */

/* Begin PBXTargetDependency section */
		93AA212F1A048C500040257B /* PBXTargetDependency */ = {
			isa = PBXTargetDependency;
			target = 93AA21131A048C500040257B /* UITableViewController Challenge Solution */;
			targetProxy = 93AA212E1A048C500040257B /* PBXContainerItemProxy */;
		};
/* End PBXTargetDependency section */

/* Begin PBXVariantGroup section */
		93AA21211A048C500040257B /* Main.storyboard */ = {
			isa = PBXVariantGroup;
			children = (
				93AA21221A048C500040257B /* Base */,
			);
			name = Main.storyboard;
			sourceTree = "<group>";
		};
		93AA21261A048C500040257B /* LaunchScreen.xib */ = {
			isa = PBXVariantGroup;
			children = (
				93AA21271A048C500040257B /* Base */,
			);
			name = LaunchScreen.xib;
			sourceTree = "<group>";
		};
/* End PBXVariantGroup section */

/* Begin XCBuildConfiguration section */
		93AA21351A048C500040257B /* Debug */ = {
			isa = XCBuildConfiguration;
			buildSettings = {
				ALWAYS_SEARCH_USER_PATHS = NO;
				CLANG_CXX_LANGUAGE_STANDARD = "gnu++0x";
				CLANG_CXX_LIBRARY = "libc++";
				CLANG_ENABLE_MODULES = YES;
				CLANG_ENABLE_OBJC_ARC = YES;
				CLANG_WARN_BOOL_CONVERSION = YES;
				CLANG_WARN_CONSTANT_CONVERSION = YES;
				CLANG_WARN_DIRECT_OBJC_ISA_USAGE = YES_ERROR;
				CLANG_WARN_EMPTY_BODY = YES;
				CLANG_WARN_ENUM_CONVERSION = YES;
				CLANG_WARN_INT_CONVERSION = YES;
				CLANG_WARN_OBJC_ROOT_CLASS = YES_ERROR;
				CLANG_WARN_UNREACHABLE_CODE = YES;
				CLANG_WARN__DUPLICATE_METHOD_MATCH = YES;
				"CODE_SIGN_IDENTITY[sdk=iphoneos*]" = "iPhone Developer";
				COPY_PHASE_STRIP = NO;
				ENABLE_STRICT_OBJC_MSGSEND = YES;
				GCC_C_LANGUAGE_STANDARD = gnu99;
				GCC_DYNAMIC_NO_PIC = NO;
				GCC_OPTIMIZATION_LEVEL = 0;
				GCC_PREPROCESSOR_DEFINITIONS = (
					"DEBUG=1",
					"$(inherited)",
				);
				GCC_SYMBOLS_PRIVATE_EXTERN = NO;
				GCC_WARN_64_TO_32_BIT_CONVERSION = YES;
				GCC_WARN_ABOUT_RETURN_TYPE = YES_ERROR;
				GCC_WARN_UNDECLARED_SELECTOR = YES;
				GCC_WARN_UNINITIALIZED_AUTOS = YES_AGGRESSIVE;
				GCC_WARN_UNUSED_FUNCTION = YES;
				GCC_WARN_UNUSED_VARIABLE = YES;
				IPHONEOS_DEPLOYMENT_TARGET = 8.1;
				MTL_ENABLE_DEBUG_INFO = YES;
				ONLY_ACTIVE_ARCH = YES;
				SDKROOT = iphoneos;
			};
			name = Debug;
		};
		93AA21361A048C500040257B /* Release */ = {
			isa = XCBuildConfiguration;
			buildSettings = {
				ALWAYS_SEARCH_USER_PATHS = NO;
				CLANG_CXX_LANGUAGE_STANDARD = "gnu++0x";
				CLANG_CXX_LIBRARY = "libc++";
				CLANG_ENABLE_MODULES = YES;
				CLANG_ENABLE_OBJC_ARC = YES;
				CLANG_WARN_BOOL_CONVERSION = YES;
				CLANG_WARN_CONSTANT_CONVERSION = YES;
				CLANG_WARN_DIRECT_OBJC_ISA_USAGE = YES_ERROR;
				CLANG_WARN_EMPTY_BODY = YES;
				CLANG_WARN_ENUM_CONVERSION = YES;
				CLANG_WARN_INT_CONVERSION = YES;
				CLANG_WARN_OBJC_ROOT_CLASS = YES_ERROR;
				CLANG_WARN_UNREACHABLE_CODE = YES;
				CLANG_WARN__DUPLICATE_METHOD_MATCH = YES;
				"CODE_SIGN_IDENTITY[sdk=iphoneos*]" = "iPhone Developer";
				COPY_PHASE_STRIP = YES;
				ENABLE_NS_ASSERTIONS = NO;
				ENABLE_STRICT_OBJC_MSGSEND = YES;
				GCC_C_LANGUAGE_STANDARD = gnu99;
				GCC_WARN_64_TO_32_BIT_CONVERSION = YES;
				GCC_WARN_ABOUT_RETURN_TYPE = YES_ERROR;
				GCC_WARN_UNDECLARED_SELECTOR = YES;
				GCC_WARN_UNINITIALIZED_AUTOS = YES_AGGRESSIVE;
				GCC_WARN_UNUSED_FUNCTION = YES;
				GCC_WARN_UNUSED_VARIABLE = YES;
				IPHONEOS_DEPLOYMENT_TARGET = 8.1;
				MTL_ENABLE_DEBUG_INFO = NO;
				SDKROOT = iphoneos;
				VALIDATE_PRODUCT = YES;
			};
			name = Release;
		};
		93AA21381A048C500040257B /* Debug */ = {
			isa = XCBuildConfiguration;
			buildSettings = {
				ASSETCATALOG_COMPILER_APPICON_NAME = AppIcon;
				INFOPLIST_FILE = "UITableViewController Challenge Solution/Info.plist";
				LD_RUNPATH_SEARCH_PATHS = "$(inherited) @executable_path/Frameworks";
				PRODUCT_NAME = "$(TARGET_NAME)";
			};
			name = Debug;
		};
		93AA21391A048C500040257B /* Release */ = {
			isa = XCBuildConfiguration;
			buildSettings = {
				ASSETCATALOG_COMPILER_APPICON_NAME = AppIcon;
				INFOPLIST_FILE = "UITableViewController Challenge Solution/Info.plist";
				LD_RUNPATH_SEARCH_PATHS = "$(inherited) @executable_path/Frameworks";
				PRODUCT_NAME = "$(TARGET_NAME)";
			};
			name = Release;
		};
		93AA213B1A048C500040257B /* Debug */ = {
			isa = XCBuildConfiguration;
			buildSettings = {
				BUNDLE_LOADER = "$(TEST_HOST)";
				FRAMEWORK_SEARCH_PATHS = (
					"$(SDKROOT)/Developer/Library/Frameworks",
					"$(inherited)",
				);
				GCC_PREPROCESSOR_DEFINITIONS = (
					"DEBUG=1",
					"$(inherited)",
				);
				INFOPLIST_FILE = "UITableViewController Challenge SolutionTests/Info.plist";
				LD_RUNPATH_SEARCH_PATHS = "$(inherited) @executable_path/Frameworks @loader_path/Frameworks";
				PRODUCT_NAME = "$(TARGET_NAME)";
				TEST_HOST = "$(BUILT_PRODUCTS_DIR)/UITableViewController Challenge Solution.app/UITableViewController Challenge Solution";
			};
			name = Debug;
		};
		93AA213C1A048C500040257B /* Release */ = {
			isa = XCBuildConfiguration;
			buildSettings = {
				BUNDLE_LOADER = "$(TEST_HOST)";
				FRAMEWORK_SEARCH_PATHS = (
					"$(SDKROOT)/Developer/Library/Frameworks",
					"$(inherited)",
				);
				INFOPLIST_FILE = "UITableViewController Challenge SolutionTests/Info.plist";
				LD_RUNPATH_SEARCH_PATHS = "$(inherited) @executable_path/Frameworks @loader_path/Frameworks";
				PRODUCT_NAME = "$(TARGET_NAME)";
				TEST_HOST = "$(BUILT_PRODUCTS_DIR)/UITableViewController Challenge Solution.app/UITableViewController Challenge Solution";
			};
			name = Release;
		};
/* End XCBuildConfiguration section */

/* Begin XCConfigurationList section */
		93AA210F1A048C500040257B /* Build configuration list for PBXProject "UITableViewController Challenge Solution" */ = {
			isa = XCConfigurationList;
			buildConfigurations = (
				93AA21351A048C500040257B /* Debug */,
				93AA21361A048C500040257B /* Release */,
			);
			defaultConfigurationIsVisible = 0;
			defaultConfigurationName = Release;
		};
		93AA21371A048C500040257B /* Build configuration list for PBXNativeTarget "UITableViewController Challenge Solution" */ = {
			isa = XCConfigurationList;
			buildConfigurations = (
				93AA21381A048C500040257B /* Debug */,
				93AA21391A048C500040257B /* Release */,
			);
			defaultConfigurationIsVisible = 0;
		};
		93AA213A1A048C500040257B /* Build configuration list for PBXNativeTarget "UITableViewController Challenge SolutionTests" */ = {
			isa = XCConfigurationList;
			buildConfigurations = (
				93AA213B1A048C500040257B /* Debug */,
				93AA213C1A048C500040257B /* Release */,
			);
			defaultConfigurationIsVisible = 0;
		};
/* End XCConfigurationList section */
	};
	rootObject = 93AA210C1A048C500040257B /* Project object */;
}
